# THIS IS AN AUTOGENERATED FILE. DO NOT EDIT THIS FILE DIRECTLY.
# yarn lockfile v1


"@std/esm@^0.17.0":
  version "0.17.1"
  resolved "https://registry.yarnpkg.com/@std/esm/-/esm-0.17.1.tgz#0780223a5b9df5af10bdd404738b0dc955735407"

"fcc-algorithm-challenges-cli@file:../../repos/fcc_cli_challenges":
  version "0.0.1"
  dependencies:
    "@std/esm" "^0.17.0"
